
Microsoft Visual Studio Solution File, Format Version 12.00
# Visual Studio Version 16
VisualStudioVersion = 16.0.30517.126
MinimumVisualStudioVersion = 10.0.40219.1
Project("{FAE04EC0-301F-11D3-BF4B-00C04F79EFBC}") = "UserMaintance_GUH8IJ", "UserMaintance_GUH8IJ\UserMaintance_GUH8IJ.csproj", "{14A6EED7-A43A-4318-97CC-057C8D0DC82C}"
EndProject
Global
	GlobalSection(SolutionConfigurationPlatforms) = preSolution
		Debug|Any CPU = Debug|Any CPU
		Release|Any CPU = Release|Any CPU
	EndGlobalSection
	GlobalSection(ProjectConfigurationPlatforms) = postSolution
		{14A6EED7-A43A-4318-97CC-057C8D0DC82C}.Debug|Any CPU.ActiveCfg = Debug|Any CPU
		{14A6EED7-A43A-4318-97CC-057C8D0DC82C}.Debug|Any CPU.Build.0 = Debug|Any CPU
		{14A6EED7-A43A-4318-97CC-057C8D0DC82C}.Release|Any CPU.ActiveCfg = Release|Any CPU
		{14A6EED7-A43A-4318-97CC-057C8D0DC82C}.Release|Any CPU.Build.0 = Release|Any CPU
	EndGlobalSection
	GlobalSection(SolutionProperties) = preSolution
		HideSolutionNode = FALSE
	EndGlobalSection
	GlobalSection(ExtensibilityGlobals) = postSolution
		SolutionGuid = {EC5EDF0B-A10F-4043-A781-37BDD430D34A}
	EndGlobalSection
EndGlobal
