
Microsoft Visual Studio Solution File, Format Version 12.00
# Visual Studio Version 16
VisualStudioVersion = 16.0.30523.141
MinimumVisualStudioVersion = 10.0.40219.1
Project("{FAE04EC0-301F-11D3-BF4B-00C04F79EFBC}") = "XMLproject", "XMLproject.csproj", "{C5F9D328-F8A4-4FEE-BB45-966FA80C0AC1}"
EndProject
Global
	GlobalSection(SolutionConfigurationPlatforms) = preSolution
		Debug|Any CPU = Debug|Any CPU
		Release|Any CPU = Release|Any CPU
	EndGlobalSection
	GlobalSection(ProjectConfigurationPlatforms) = postSolution
		{C5F9D328-F8A4-4FEE-BB45-966FA80C0AC1}.Debug|Any CPU.ActiveCfg = Debug|Any CPU
		{C5F9D328-F8A4-4FEE-BB45-966FA80C0AC1}.Debug|Any CPU.Build.0 = Debug|Any CPU
		{C5F9D328-F8A4-4FEE-BB45-966FA80C0AC1}.Release|Any CPU.ActiveCfg = Release|Any CPU
		{C5F9D328-F8A4-4FEE-BB45-966FA80C0AC1}.Release|Any CPU.Build.0 = Release|Any CPU
	EndGlobalSection
	GlobalSection(SolutionProperties) = preSolution
		HideSolutionNode = FALSE
	EndGlobalSection
	GlobalSection(ExtensibilityGlobals) = postSolution
		SolutionGuid = {D7401E23-1597-4D37-8C5A-5A591147F749}
	EndGlobalSection
EndGlobal
